{
  "name": "platform-ai",
  "version": "1.0.0",
  "lockfileVersion": 3,
  "requires": true,
  "packages": {
    "": {
      "name": "platform-ai",
      "version": "1.0.0",
      "license": "ISC",
      "dependencies": {
        "marked": "^17.0.3"
      }
    },
    "node_modules/marked": {
      "version": "17.0.3",
      "resolved": "https://registry.npmjs.org/marked/-/marked-17.0.3.tgz",
      "integrity": "sha512-jt1v2ObpyOKR8p4XaUJVk3YWRJ5n+i4+rjQopxvV32rSndTJXvIzuUdWWIy/1pFQMkQmvTXawzDNqOH/CUmx6A==",
      "license": "MIT",
      "bin": {
        "marked": "bin/marked.js"
      },
      "engines": {
        "node": ">= 20"
      }
    }
  }
}
